{
  "pins" : [
    {
      "identity" : "cosmos",
      "kind" : "remoteSourceControl",
      "location" : "https://github.com/evgenyneu/Cosmos.git",
      "state" : {
        "revision" : "cce521e734d0090494bd4afab5fd2e2f2465c1af",
        "version" : "23.0.0"
      }
    },
    {
      "identity" : "kingfisher",
      "kind" : "remoteSourceControl",
      "location" : "https://github.com/onevcat/Kingfisher",
      "state" : {
        "revision" : "277f1ab2c6664b19b4a412e32b094b201e2d5757",
        "version" : "7.10.0"
      }
    },
    {
      "identity" : "realm-core",
      "kind" : "remoteSourceControl",
      "location" : "https://github.com/realm/realm-core.git",
      "state" : {
        "revision" : "c569bec4d04da84030d94f376437bc4efda3686b",
        "version" : "13.23.1"
      }
    },
    {
      "identity" : "realm-swift",
      "kind" : "remoteSourceControl",
      "location" : "https://github.com/realm/realm-swift.git",
      "state" : {
        "branch" : "master",
        "revision" : "6b992e508b1fab07d47775f2fd7485fd5f110893"
      }
    },
    {
      "identity" : "rxdatasources",
      "kind" : "remoteSourceControl",
      "location" : "https://github.com/RxSwiftCommunity/RxDataSources.git",
      "state" : {
        "revision" : "90c29b48b628479097fe775ed1966d75ac374518",
        "version" : "5.0.2"
      }
    },
    {
      "identity" : "rxswift",
      "kind" : "remoteSourceControl",
      "location" : "https://github.com/ReactiveX/RxSwift.git",
      "state" : {
        "revision" : "9dcaa4b333db437b0fbfaf453fad29069044a8b4",
        "version" : "6.6.0"
      }
    },
    {
      "identity" : "snapkit",
      "kind" : "remoteSourceControl",
      "location" : "https://github.com/SnapKit/SnapKit",
      "state" : {
        "revision" : "f222cbdf325885926566172f6f5f06af95473158",
        "version" : "5.6.0"
      }
    }
  ],
  "version" : 2
}
